// !$*UTF8*$!
{
	archiveVersion = 1;
	classes = {
	};
	objectVersion = 46;
	objects = {

/* Begin PBXBuildFile section */
		AF048DD01CC12F5300D3DC5E /* SearchResult.swift in Sources */ = {isa = PBXBuildFile; fileRef = AF048DCF1CC12F5300D3DC5E /* SearchResult.swift */; };
		AFAEA2B11CC0E65600CCDA67 /* AppDelegate.swift in Sources */ = {isa = PBXBuildFile; fileRef = AFAEA2B01CC0E65600CCDA67 /* AppDelegate.swift */; };
		AFAEA2B31CC0E65600CCDA67 /* SearchViewController.swift in Sources */ = {isa = PBXBuildFile; fileRef = AFAEA2B21CC0E65600CCDA67 /* SearchViewController.swift */; };
		AFAEA2B61CC0E65600CCDA67 /* Main.storyboard in Resources */ = {isa = PBXBuildFile; fileRef = AFAEA2B41CC0E65600CCDA67 /* Main.storyboard */; };
		AFAEA2B81CC0E65600CCDA67 /* Assets.xcassets in Resources */ = {isa = PBXBuildFile; fileRef = AFAEA2B71CC0E65600CCDA67 /* Assets.xcassets */; };
		AFAEA2BB1CC0E65600CCDA67 /* LaunchScreen.storyboard in Resources */ = {isa = PBXBuildFile; fileRef = AFAEA2B91CC0E65600CCDA67 /* LaunchScreen.storyboard */; };
/* End PBXBuildFile section */

/* Begin PBXFileReference section */
		AF048DCF1CC12F5300D3DC5E /* SearchResult.swift */ = {isa = PBXFileReference; fileEncoding = 4; lastKnownFileType = sourcecode.swift; path = SearchResult.swift; sourceTree = "<group>"; };
		AFAEA2AD1CC0E65600CCDA67 /* StoreSearch.app */ = {isa = PBXFileReference; explicitFileType = wrapper.application; includeInIndex = 0; path = StoreSearch.app; sourceTree = BUILT_PRODUCTS_DIR; };
		AFAEA2B01CC0E65600CCDA67 /* AppDelegate.swift */ = {isa = PBXFileReference; lastKnownFileType = sourcecode.swift; path = AppDelegate.swift; sourceTree = "<group>"; };
		AFAEA2B21CC0E65600CCDA67 /* SearchViewController.swift */ = {isa = PBXFileReference; lastKnownFileType = sourcecode.swift; path = SearchViewController.swift; sourceTree = "<group>"; };
		AFAEA2B51CC0E65600CCDA67 /* Base */ = {isa = PBXFileReference; lastKnownFileType = file.storyboard; name = Base; path = Base.lproj/Main.storyboard; sourceTree = "<group>"; };
		AFAEA2B71CC0E65600CCDA67 /* Assets.xcassets */ = {isa = PBXFileReference; lastKnownFileType = folder.assetcatalog; path = Assets.xcassets; sourceTree = "<group>"; };
		AFAEA2BA1CC0E65600CCDA67 /* Base */ = {isa = PBXFileReference; lastKnownFileType = file.storyboard; name = Base; path = Base.lproj/LaunchScreen.storyboard; sourceTree = "<group>"; };
		AFAEA2BC1CC0E65600CCDA67 /* Info.plist */ = {isa = PBXFileReference; lastKnownFileType = text.plist.xml; path = Info.plist; sourceTree = "<group>"; };
/* End PBXFileReference section */

/* Begin PBXFrameworksBuildPhase section */
		AFAEA2AA1CC0E65600CCDA67 /* Frameworks */ = {
			isa = PBXFrameworksBuildPhase;
			buildActionMask = 2147483647;
			files = (
			);
			runOnlyForDeploymentPostprocessing = 0;
		};
/* End PBXFrameworksBuildPhase section */

/* Begin PBXGroup section */
		AFAEA2A41CC0E65600CCDA67 = {
			isa = PBXGroup;
			children = (
				AFAEA2AF1CC0E65600CCDA67 /* StoreSearch */,
				AFAEA2AE1CC0E65600CCDA67 /* Products */,
			);
			sourceTree = "<group>";
		};
		AFAEA2AE1CC0E65600CCDA67 /* Products */ = {
			isa = PBXGroup;
			children = (
				AFAEA2AD1CC0E65600CCDA67 /* StoreSearch.app */,
			);
			name = Products;
			sourceTree = "<group>";
		};
		AFAEA2AF1CC0E65600CCDA67 /* StoreSearch */ = {
			isa = PBXGroup;
			children = (
				AFAEA2B01CC0E65600CCDA67 /* AppDelegate.swift */,
				AF048DCF1CC12F5300D3DC5E /* SearchResult.swift */,
				AFAEA2B21CC0E65600CCDA67 /* SearchViewController.swift */,
				AFAEA2B41CC0E65600CCDA67 /* Main.storyboard */,
				AFAEA2B71CC0E65600CCDA67 /* Assets.xcassets */,
				AFAEA2B91CC0E65600CCDA67 /* LaunchScreen.storyboard */,
				AFAEA2BC1CC0E65600CCDA67 /* Info.plist */,
			);
			path = StoreSearch;
			sourceTree = "<group>";
		};
/* End PBXGroup section */

/* Begin PBXNativeTarget section */
		AFAEA2AC1CC0E65600CCDA67 /* StoreSearch */ = {
			isa = PBXNativeTarget;
			buildConfigurationList = AFAEA2BF1CC0E65600CCDA67 /* Build configuration list for PBXNativeTarget "StoreSearch" */;
			buildPhases = (
				AFAEA2A91CC0E65600CCDA67 /* Sources */,
				AFAEA2AA1CC0E65600CCDA67 /* Frameworks */,
				AFAEA2AB1CC0E65600CCDA67 /* Resources */,
			);
			buildRules = (
			);
			dependencies = (
			);
			name = StoreSearch;
			productName = StoreSearch;
			productReference = AFAEA2AD1CC0E65600CCDA67 /* StoreSearch.app */;
			productType = "com.apple.product-type.application";
		};
/* End PBXNativeTarget section */

/* Begin PBXProject section */
		AFAEA2A51CC0E65600CCDA67 /* Project object */ = {
			isa = PBXProject;
			attributes = {
				LastSwiftUpdateCheck = 0730;
				LastUpgradeCheck = 0730;
				ORGANIZATIONNAME = "Jun YAO";
				TargetAttributes = {
					AFAEA2AC1CC0E65600CCDA67 = {
						CreatedOnToolsVersion = 7.3;
						DevelopmentTeam = CCU95JF8QH;
					};
				};
			};
			buildConfigurationList = AFAEA2A81CC0E65600CCDA67 /* Build configuration list for PBXProject "StoreSearch" */;
			compatibilityVersion = "Xcode 3.2";
			developmentRegion = English;
			hasScannedForEncodings = 0;
			knownRegions = (
				en,
				Base,
			);
			mainGroup = AFAEA2A41CC0E65600CCDA67;
			productRefGroup = AFAEA2AE1CC0E65600CCDA67 /* Products */;
			projectDirPath = "";
			projectRoot = "";
			targets = (
				AFAEA2AC1CC0E65600CCDA67 /* StoreSearch */,
			);
		};
/* End PBXProject section */

/* Begin PBXResourcesBuildPhase section */
		AFAEA2AB1CC0E65600CCDA67 /* Resources */ = {
			isa = PBXResourcesBuildPhase;
			buildActionMask = 2147483647;
			files = (
				AFAEA2BB1CC0E65600CCDA67 /* LaunchScreen.storyboard in Resources */,
				AFAEA2B81CC0E65600CCDA67 /* Assets.xcassets in Resources */,
				AFAEA2B61CC0E65600CCDA67 /* Main.storyboard in Resources */,
			);
			runOnlyForDeploymentPostprocessing = 0;
		};
/* End PBXResourcesBuildPhase section */

/* Begin PBXSourcesBuildPhase section */
		AFAEA2A91CC0E65600CCDA67 /* Sources */ = {
			isa = PBXSourcesBuildPhase;
			buildActionMask = 2147483647;
			files = (
				AFAEA2B31CC0E65600CCDA67 /* SearchViewController.swift in Sources */,
				AF048DD01CC12F5300D3DC5E /* SearchResult.swift in Sources */,
				AFAEA2B11CC0E65600CCDA67 /* AppDelegate.swift in Sources */,
			);
			runOnlyForDeploymentPostprocessing = 0;
		};
/* End PBXSourcesBuildPhase section */

/* Begin PBXVariantGroup section */
		AFAEA2B41CC0E65600CCDA67 /* Main.storyboard */ = {
			isa = PBXVariantGroup;
			children = (
				AFAEA2B51CC0E65600CCDA67 /* Base */,
			);
			name = Main.storyboard;
			sourceTree = "<group>";
		};
		AFAEA2B91CC0E65600CCDA67 /* LaunchScreen.storyboard */ = {
			isa = PBXVariantGroup;
			children = (
				AFAEA2BA1CC0E65600CCDA67 /* Base */,
			);
			name = LaunchScreen.storyboard;
			sourceTree = "<group>";
		};
/* End PBXVariantGroup section */

/* Begin XCBuildConfiguration section */
		AFAEA2BD1CC0E65600CCDA67 /* Debug */ = {
			isa = XCBuildConfiguration;
			buildSettings = {
				ALWAYS_SEARCH_USER_PATHS = NO;
				CLANG_ANALYZER_NONNULL = YES;
				CLANG_CXX_LANGUAGE_STANDARD = "gnu++0x";
				CLANG_CXX_LIBRARY = "libc++";
				CLANG_ENABLE_MODULES = YES;
				CLANG_ENABLE_OBJC_ARC = YES;
				CLANG_WARN_BOOL_CONVERSION = YES;
				CLANG_WARN_CONSTANT_CONVERSION = YES;
				CLANG_WARN_DIRECT_OBJC_ISA_USAGE = YES_ERROR;
				CLANG_WARN_EMPTY_BODY = YES;
				CLANG_WARN_ENUM_CONVERSION = YES;
				CLANG_WARN_INT_CONVERSION = YES;
				CLANG_WARN_OBJC_ROOT_CLASS = YES_ERROR;
				CLANG_WARN_UNREACHABLE_CODE = YES;
				CLANG_WARN__DUPLICATE_METHOD_MATCH = YES;
				"CODE_SIGN_IDENTITY[sdk=iphoneos*]" = "iPhone Developer";
				COPY_PHASE_STRIP = NO;
				DEBUG_INFORMATION_FORMAT = dwarf;
				ENABLE_STRICT_OBJC_MSGSEND = YES;
				ENABLE_TESTABILITY = YES;
				GCC_C_LANGUAGE_STANDARD = gnu99;
				GCC_DYNAMIC_NO_PIC = NO;
				GCC_NO_COMMON_BLOCKS = YES;
				GCC_OPTIMIZATION_LEVEL = 0;
				GCC_PREPROCESSOR_DEFINITIONS = (
					"DEBUG=1",
					"$(inherited)",
				);
				GCC_WARN_64_TO_32_BIT_CONVERSION = YES;
				GCC_WARN_ABOUT_RETURN_TYPE = YES_ERROR;
				GCC_WARN_UNDECLARED_SELECTOR = YES;
				GCC_WARN_UNINITIALIZED_AUTOS = YES_AGGRESSIVE;
				GCC_WARN_UNUSED_FUNCTION = YES;
				GCC_WARN_UNUSED_VARIABLE = YES;
				IPHONEOS_DEPLOYMENT_TARGET = 9.3;
				MTL_ENABLE_DEBUG_INFO = YES;
				ONLY_ACTIVE_ARCH = YES;
				SDKROOT = iphoneos;
				SWIFT_OPTIMIZATION_LEVEL = "-Onone";
			};
			name = Debug;
		};
		AFAEA2BE1CC0E65600CCDA67 /* Release */ = {
			isa = XCBuildConfiguration;
			buildSettings = {
				ALWAYS_SEARCH_USER_PATHS = NO;
				CLANG_ANALYZER_NONNULL = YES;
				CLANG_CXX_LANGUAGE_STANDARD = "gnu++0x";
				CLANG_CXX_LIBRARY = "libc++";
				CLANG_ENABLE_MODULES = YES;
				CLANG_ENABLE_OBJC_ARC = YES;
				CLANG_WARN_BOOL_CONVERSION = YES;
				CLANG_WARN_CONSTANT_CONVERSION = YES;
				CLANG_WARN_DIRECT_OBJC_ISA_USAGE = YES_ERROR;
				CLANG_WARN_EMPTY_BODY = YES;
				CLANG_WARN_ENUM_CONVERSION = YES;
				CLANG_WARN_INT_CONVERSION = YES;
				CLANG_WARN_OBJC_ROOT_CLASS = YES_ERROR;
				CLANG_WARN_UNREACHABLE_CODE = YES;
				CLANG_WARN__DUPLICATE_METHOD_MATCH = YES;
				"CODE_SIGN_IDENTITY[sdk=iphoneos*]" = "iPhone Developer";
				COPY_PHASE_STRIP = NO;
				DEBUG_INFORMATION_FORMAT = "dwarf-with-dsym";
				ENABLE_NS_ASSERTIONS = NO;
				ENABLE_STRICT_OBJC_MSGSEND = YES;
				GCC_C_LANGUAGE_STANDARD = gnu99;
				GCC_NO_COMMON_BLOCKS = YES;
				GCC_WARN_64_TO_32_BIT_CONVERSION = YES;
				GCC_WARN_ABOUT_RETURN_TYPE = YES_ERROR;
				GCC_WARN_UNDECLARED_SELECTOR = YES;
				GCC_WARN_UNINITIALIZED_AUTOS = YES_AGGRESSIVE;
				GCC_WARN_UNUSED_FUNCTION = YES;
				GCC_WARN_UNUSED_VARIABLE = YES;
				IPHONEOS_DEPLOYMENT_TARGET = 9.3;
				MTL_ENABLE_DEBUG_INFO = NO;
				SDKROOT = iphoneos;
				VALIDATE_PRODUCT = YES;
			};
			name = Release;
		};
		AFAEA2C01CC0E65600CCDA67 /* Debug */ = {
			isa = XCBuildConfiguration;
			buildSettings = {
				ASSETCATALOG_COMPILER_APPICON_NAME = AppIcon;
				CODE_SIGN_IDENTITY = "iPhone Developer";
				"CODE_SIGN_IDENTITY[sdk=iphoneos*]" = "iPhone Developer";
				INFOPLIST_FILE = StoreSearch/Info.plist;
				LD_RUNPATH_SEARCH_PATHS = "$(inherited) @executable_path/Frameworks";
				PRODUCT_BUNDLE_IDENTIFIER = datatalks.cn.StoreSearch;
				PRODUCT_NAME = "$(TARGET_NAME)";
				PROVISIONING_PROFILE = "";
			};
			name = Debug;
		};
		AFAEA2C11CC0E65600CCDA67 /* Release */ = {
			isa = XCBuildConfiguration;
			buildSettings = {
				ASSETCATALOG_COMPILER_APPICON_NAME = AppIcon;
				CODE_SIGN_IDENTITY = "iPhone Developer";
				"CODE_SIGN_IDENTITY[sdk=iphoneos*]" = "iPhone Developer";
				INFOPLIST_FILE = StoreSearch/Info.plist;
				LD_RUNPATH_SEARCH_PATHS = "$(inherited) @executable_path/Frameworks";
				PRODUCT_BUNDLE_IDENTIFIER = datatalks.cn.StoreSearch;
				PRODUCT_NAME = "$(TARGET_NAME)";
				PROVISIONING_PROFILE = "";
			};
			name = Release;
		};
/* End XCBuildConfiguration section */

/* Begin XCConfigurationList section */
		AFAEA2A81CC0E65600CCDA67 /* Build configuration list for PBXProject "StoreSearch" */ = {
			isa = XCConfigurationList;
			buildConfigurations = (
				AFAEA2BD1CC0E65600CCDA67 /* Debug */,
				AFAEA2BE1CC0E65600CCDA67 /* Release */,
			);
			defaultConfigurationIsVisible = 0;
			defaultConfigurationName = Release;
		};
		AFAEA2BF1CC0E65600CCDA67 /* Build configuration list for PBXNativeTarget "StoreSearch" */ = {
			isa = XCConfigurationList;
			buildConfigurations = (
				AFAEA2C01CC0E65600CCDA67 /* Debug */,
				AFAEA2C11CC0E65600CCDA67 /* Release */,
			);
			defaultConfigurationIsVisible = 0;
			defaultConfigurationName = Release;
		};
/* End XCConfigurationList section */
	};
	rootObject = AFAEA2A51CC0E65600CCDA67 /* Project object */;
}
